
Microsoft Visual Studio Solution File, Format Version 12.00
# Visual Studio 2013
VisualStudioVersion = 12.0.31101.0
MinimumVisualStudioVersion = 10.0.40219.1
Project("{FAE04EC0-301F-11D3-BF4B-00C04F79EFBC}") = "TallamondInventory", "TallamondInventory\TallamondInventory.csproj", "{87A11286-C79C-4FFF-ADAF-9CD039696F5F}"
EndProject
Project("{FAE04EC0-301F-11D3-BF4B-00C04F79EFBC}") = "TallamondInventory.Tests", "TallamondInventory.Tests\TallamondInventory.Tests.csproj", "{00FEF184-3780-445D-87FF-3A1E9C06FAAF}"
EndProject
Project("{FAE04EC0-301F-11D3-BF4B-00C04F79EFBC}") = "CrawlILSmart", "CrawlILSmart\CrawlILSmart.csproj", "{2EFFDE0D-DAC1-439B-99C6-EC952CDC1C86}"
EndProject
Project("{FAE04EC0-301F-11D3-BF4B-00C04F79EFBC}") = "Inventory", "..\Inventory\Inventory\Inventory.csproj", "{BDD23D76-86DF-4F46-BBF2-635DA2D67ECE}"
EndProject
Global
	GlobalSection(SolutionConfigurationPlatforms) = preSolution
		Debug|Any CPU = Debug|Any CPU
		Release|Any CPU = Release|Any CPU
	EndGlobalSection
	GlobalSection(ProjectConfigurationPlatforms) = postSolution
		{87A11286-C79C-4FFF-ADAF-9CD039696F5F}.Debug|Any CPU.ActiveCfg = Debug|Any CPU
		{87A11286-C79C-4FFF-ADAF-9CD039696F5F}.Debug|Any CPU.Build.0 = Debug|Any CPU
		{87A11286-C79C-4FFF-ADAF-9CD039696F5F}.Release|Any CPU.ActiveCfg = Release|Any CPU
		{87A11286-C79C-4FFF-ADAF-9CD039696F5F}.Release|Any CPU.Build.0 = Release|Any CPU
		{00FEF184-3780-445D-87FF-3A1E9C06FAAF}.Debug|Any CPU.ActiveCfg = Debug|Any CPU
		{00FEF184-3780-445D-87FF-3A1E9C06FAAF}.Debug|Any CPU.Build.0 = Debug|Any CPU
		{00FEF184-3780-445D-87FF-3A1E9C06FAAF}.Release|Any CPU.ActiveCfg = Release|Any CPU
		{00FEF184-3780-445D-87FF-3A1E9C06FAAF}.Release|Any CPU.Build.0 = Release|Any CPU
		{2EFFDE0D-DAC1-439B-99C6-EC952CDC1C86}.Debug|Any CPU.ActiveCfg = Debug|Any CPU
		{2EFFDE0D-DAC1-439B-99C6-EC952CDC1C86}.Debug|Any CPU.Build.0 = Debug|Any CPU
		{2EFFDE0D-DAC1-439B-99C6-EC952CDC1C86}.Release|Any CPU.ActiveCfg = Release|Any CPU
		{2EFFDE0D-DAC1-439B-99C6-EC952CDC1C86}.Release|Any CPU.Build.0 = Release|Any CPU
		{BDD23D76-86DF-4F46-BBF2-635DA2D67ECE}.Debug|Any CPU.ActiveCfg = Debug|Any CPU
		{BDD23D76-86DF-4F46-BBF2-635DA2D67ECE}.Debug|Any CPU.Build.0 = Debug|Any CPU
		{BDD23D76-86DF-4F46-BBF2-635DA2D67ECE}.Release|Any CPU.ActiveCfg = Release|Any CPU
		{BDD23D76-86DF-4F46-BBF2-635DA2D67ECE}.Release|Any CPU.Build.0 = Release|Any CPU
	EndGlobalSection
	GlobalSection(SolutionProperties) = preSolution
		HideSolutionNode = FALSE
	EndGlobalSection
EndGlobal
